// !$*UTF8*$!
{
	archiveVersion = 1;
	classes = {
	};
	objectVersion = 56;
	objects = {

/* Begin PBXBuildFile section */
		458FD59B2B2DC8FB00D84C1E /* AppDelegate.swift in Sources */ = {isa = PBXBuildFile; fileRef = 458FD59A2B2DC8FB00D84C1E /* AppDelegate.swift */; };
		458FD59D2B2DC8FB00D84C1E /* SceneDelegate.swift in Sources */ = {isa = PBXBuildFile; fileRef = 458FD59C2B2DC8FB00D84C1E /* SceneDelegate.swift */; };
		458FD59F2B2DC8FB00D84C1E /* ViewController.swift in Sources */ = {isa = PBXBuildFile; fileRef = 458FD59E2B2DC8FB00D84C1E /* ViewController.swift */; };
		458FD5A22B2DC8FB00D84C1E /* Main.storyboard in Resources */ = {isa = PBXBuildFile; fileRef = 458FD5A02B2DC8FB00D84C1E /* Main.storyboard */; };
		458FD5A42B2DC8FD00D84C1E /* Assets.xcassets in Resources */ = {isa = PBXBuildFile; fileRef = 458FD5A32B2DC8FD00D84C1E /* Assets.xcassets */; };
		458FD5A72B2DC8FD00D84C1E /* LaunchScreen.storyboard in Resources */ = {isa = PBXBuildFile; fileRef = 458FD5A52B2DC8FD00D84C1E /* LaunchScreen.storyboard */; };
		458FD5B22B2DC8FD00D84C1E /* Currency_ConverterTests.swift in Sources */ = {isa = PBXBuildFile; fileRef = 458FD5B12B2DC8FD00D84C1E /* Currency_ConverterTests.swift */; };
		458FD5BC2B2DC8FD00D84C1E /* Currency_ConverterUITests.swift in Sources */ = {isa = PBXBuildFile; fileRef = 458FD5BB2B2DC8FD00D84C1E /* Currency_ConverterUITests.swift */; };
		458FD5BE2B2DC8FD00D84C1E /* Currency_ConverterUITestsLaunchTests.swift in Sources */ = {isa = PBXBuildFile; fileRef = 458FD5BD2B2DC8FD00D84C1E /* Currency_ConverterUITestsLaunchTests.swift */; };
/* End PBXBuildFile section */

/* Begin PBXContainerItemProxy section */
		458FD5AE2B2DC8FD00D84C1E /* PBXContainerItemProxy */ = {
			isa = PBXContainerItemProxy;
			containerPortal = 458FD58F2B2DC8FB00D84C1E /* Project object */;
			proxyType = 1;
			remoteGlobalIDString = 458FD5962B2DC8FB00D84C1E;
			remoteInfo = "Currency Converter";
		};
		458FD5B82B2DC8FD00D84C1E /* PBXContainerItemProxy */ = {
			isa = PBXContainerItemProxy;
			containerPortal = 458FD58F2B2DC8FB00D84C1E /* Project object */;
			proxyType = 1;
			remoteGlobalIDString = 458FD5962B2DC8FB00D84C1E;
			remoteInfo = "Currency Converter";
		};
/* End PBXContainerItemProxy section */

/* Begin PBXFileReference section */
		458FD5972B2DC8FB00D84C1E /* Currency Converter.app */ = {isa = PBXFileReference; explicitFileType = wrapper.application; includeInIndex = 0; path = "Currency Converter.app"; sourceTree = BUILT_PRODUCTS_DIR; };
		458FD59A2B2DC8FB00D84C1E /* AppDelegate.swift */ = {isa = PBXFileReference; lastKnownFileType = sourcecode.swift; path = AppDelegate.swift; sourceTree = "<group>"; };
		458FD59C2B2DC8FB00D84C1E /* SceneDelegate.swift */ = {isa = PBXFileReference; lastKnownFileType = sourcecode.swift; path = SceneDelegate.swift; sourceTree = "<group>"; };
		458FD59E2B2DC8FB00D84C1E /* ViewController.swift */ = {isa = PBXFileReference; lastKnownFileType = sourcecode.swift; path = ViewController.swift; sourceTree = "<group>"; };
		458FD5A12B2DC8FB00D84C1E /* Base */ = {isa = PBXFileReference; lastKnownFileType = file.storyboard; name = Base; path = Base.lproj/Main.storyboard; sourceTree = "<group>"; };
		458FD5A32B2DC8FD00D84C1E /* Assets.xcassets */ = {isa = PBXFileReference; lastKnownFileType = folder.assetcatalog; path = Assets.xcassets; sourceTree = "<group>"; };
		458FD5A62B2DC8FD00D84C1E /* Base */ = {isa = PBXFileReference; lastKnownFileType = file.storyboard; name = Base; path = Base.lproj/LaunchScreen.storyboard; sourceTree = "<group>"; };
		458FD5A82B2DC8FD00D84C1E /* Info.plist */ = {isa = PBXFileReference; lastKnownFileType = text.plist.xml; path = Info.plist; sourceTree = "<group>"; };
		458FD5AD2B2DC8FD00D84C1E /* Currency ConverterTests.xctest */ = {isa = PBXFileReference; explicitFileType = wrapper.cfbundle; includeInIndex = 0; path = "Currency ConverterTests.xctest"; sourceTree = BUILT_PRODUCTS_DIR; };
		458FD5B12B2DC8FD00D84C1E /* Currency_ConverterTests.swift */ = {isa = PBXFileReference; lastKnownFileType = sourcecode.swift; path = Currency_ConverterTests.swift; sourceTree = "<group>"; };
		458FD5B72B2DC8FD00D84C1E /* Currency ConverterUITests.xctest */ = {isa = PBXFileReference; explicitFileType = wrapper.cfbundle; includeInIndex = 0; path = "Currency ConverterUITests.xctest"; sourceTree = BUILT_PRODUCTS_DIR; };
		458FD5BB2B2DC8FD00D84C1E /* Currency_ConverterUITests.swift */ = {isa = PBXFileReference; lastKnownFileType = sourcecode.swift; path = Currency_ConverterUITests.swift; sourceTree = "<group>"; };
		458FD5BD2B2DC8FD00D84C1E /* Currency_ConverterUITestsLaunchTests.swift */ = {isa = PBXFileReference; lastKnownFileType = sourcecode.swift; path = Currency_ConverterUITestsLaunchTests.swift; sourceTree = "<group>"; };
/* End PBXFileReference section */

/* Begin PBXFrameworksBuildPhase section */
		458FD5942B2DC8FB00D84C1E /* Frameworks */ = {
			isa = PBXFrameworksBuildPhase;
			buildActionMask = 2147483647;
			files = (
			);
			runOnlyForDeploymentPostprocessing = 0;
		};
		458FD5AA2B2DC8FD00D84C1E /* Frameworks */ = {
			isa = PBXFrameworksBuildPhase;
			buildActionMask = 2147483647;
			files = (
			);
			runOnlyForDeploymentPostprocessing = 0;
		};
		458FD5B42B2DC8FD00D84C1E /* Frameworks */ = {
			isa = PBXFrameworksBuildPhase;
			buildActionMask = 2147483647;
			files = (
			);
			runOnlyForDeploymentPostprocessing = 0;
		};
/* End PBXFrameworksBuildPhase section */

/* Begin PBXGroup section */
		458FD58E2B2DC8FB00D84C1E = {
			isa = PBXGroup;
			children = (
				458FD5992B2DC8FB00D84C1E /* Currency Converter */,
				458FD5B02B2DC8FD00D84C1E /* Currency ConverterTests */,
				458FD5BA2B2DC8FD00D84C1E /* Currency ConverterUITests */,
				458FD5982B2DC8FB00D84C1E /* Products */,
			);
			sourceTree = "<group>";
		};
		458FD5982B2DC8FB00D84C1E /* Products */ = {
			isa = PBXGroup;
			children = (
				458FD5972B2DC8FB00D84C1E /* Currency Converter.app */,
				458FD5AD2B2DC8FD00D84C1E /* Currency ConverterTests.xctest */,
				458FD5B72B2DC8FD00D84C1E /* Currency ConverterUITests.xctest */,
			);
			name = Products;
			sourceTree = "<group>";
		};
		458FD5992B2DC8FB00D84C1E /* Currency Converter */ = {
			isa = PBXGroup;
			children = (
				458FD59A2B2DC8FB00D84C1E /* AppDelegate.swift */,
				458FD59C2B2DC8FB00D84C1E /* SceneDelegate.swift */,
				458FD59E2B2DC8FB00D84C1E /* ViewController.swift */,
				458FD5A02B2DC8FB00D84C1E /* Main.storyboard */,
				458FD5A32B2DC8FD00D84C1E /* Assets.xcassets */,
				458FD5A52B2DC8FD00D84C1E /* LaunchScreen.storyboard */,
				458FD5A82B2DC8FD00D84C1E /* Info.plist */,
			);
			path = "Currency Converter";
			sourceTree = "<group>";
		};
		458FD5B02B2DC8FD00D84C1E /* Currency ConverterTests */ = {
			isa = PBXGroup;
			children = (
				458FD5B12B2DC8FD00D84C1E /* Currency_ConverterTests.swift */,
			);
			path = "Currency ConverterTests";
			sourceTree = "<group>";
		};
		458FD5BA2B2DC8FD00D84C1E /* Currency ConverterUITests */ = {
			isa = PBXGroup;
			children = (
				458FD5BB2B2DC8FD00D84C1E /* Currency_ConverterUITests.swift */,
				458FD5BD2B2DC8FD00D84C1E /* Currency_ConverterUITestsLaunchTests.swift */,
			);
			path = "Currency ConverterUITests";
			sourceTree = "<group>";
		};
/* End PBXGroup section */

/* Begin PBXNativeTarget section */
		458FD5962B2DC8FB00D84C1E /* Currency Converter */ = {
			isa = PBXNativeTarget;
			buildConfigurationList = 458FD5C12B2DC8FD00D84C1E /* Build configuration list for PBXNativeTarget "Currency Converter" */;
			buildPhases = (
				458FD5932B2DC8FB00D84C1E /* Sources */,
				458FD5942B2DC8FB00D84C1E /* Frameworks */,
				458FD5952B2DC8FB00D84C1E /* Resources */,
			);
			buildRules = (
			);
			dependencies = (
			);
			name = "Currency Converter";
			productName = "Currency Converter";
			productReference = 458FD5972B2DC8FB00D84C1E /* Currency Converter.app */;
			productType = "com.apple.product-type.application";
		};
		458FD5AC2B2DC8FD00D84C1E /* Currency ConverterTests */ = {
			isa = PBXNativeTarget;
			buildConfigurationList = 458FD5C42B2DC8FD00D84C1E /* Build configuration list for PBXNativeTarget "Currency ConverterTests" */;
			buildPhases = (
				458FD5A92B2DC8FD00D84C1E /* Sources */,
				458FD5AA2B2DC8FD00D84C1E /* Frameworks */,
				458FD5AB2B2DC8FD00D84C1E /* Resources */,
			);
			buildRules = (
			);
			dependencies = (
				458FD5AF2B2DC8FD00D84C1E /* PBXTargetDependency */,
			);
			name = "Currency ConverterTests";
			productName = "Currency ConverterTests";
			productReference = 458FD5AD2B2DC8FD00D84C1E /* Currency ConverterTests.xctest */;
			productType = "com.apple.product-type.bundle.unit-test";
		};
		458FD5B62B2DC8FD00D84C1E /* Currency ConverterUITests */ = {
			isa = PBXNativeTarget;
			buildConfigurationList = 458FD5C72B2DC8FD00D84C1E /* Build configuration list for PBXNativeTarget "Currency ConverterUITests" */;
			buildPhases = (
				458FD5B32B2DC8FD00D84C1E /* Sources */,
				458FD5B42B2DC8FD00D84C1E /* Frameworks */,
				458FD5B52B2DC8FD00D84C1E /* Resources */,
			);
			buildRules = (
			);
			dependencies = (
				458FD5B92B2DC8FD00D84C1E /* PBXTargetDependency */,
			);
			name = "Currency ConverterUITests";
			productName = "Currency ConverterUITests";
			productReference = 458FD5B72B2DC8FD00D84C1E /* Currency ConverterUITests.xctest */;
			productType = "com.apple.product-type.bundle.ui-testing";
		};
/* End PBXNativeTarget section */

/* Begin PBXProject section */
		458FD58F2B2DC8FB00D84C1E /* Project object */ = {
			isa = PBXProject;
			attributes = {
				BuildIndependentTargetsInParallel = 1;
				LastSwiftUpdateCheck = 1510;
				LastUpgradeCheck = 1510;
				TargetAttributes = {
					458FD5962B2DC8FB00D84C1E = {
						CreatedOnToolsVersion = 15.1;
					};
					458FD5AC2B2DC8FD00D84C1E = {
						CreatedOnToolsVersion = 15.1;
						TestTargetID = 458FD5962B2DC8FB00D84C1E;
					};
					458FD5B62B2DC8FD00D84C1E = {
						CreatedOnToolsVersion = 15.1;
						TestTargetID = 458FD5962B2DC8FB00D84C1E;
					};
				};
			};
			buildConfigurationList = 458FD5922B2DC8FB00D84C1E /* Build configuration list for PBXProject "Currency Converter" */;
			compatibilityVersion = "Xcode 14.0";
			developmentRegion = en;
			hasScannedForEncodings = 0;
			knownRegions = (
				en,
				Base,
			);
			mainGroup = 458FD58E2B2DC8FB00D84C1E;
			productRefGroup = 458FD5982B2DC8FB00D84C1E /* Products */;
			projectDirPath = "";
			projectRoot = "";
			targets = (
				458FD5962B2DC8FB00D84C1E /* Currency Converter */,
				458FD5AC2B2DC8FD00D84C1E /* Currency ConverterTests */,
				458FD5B62B2DC8FD00D84C1E /* Currency ConverterUITests */,
			);
		};
/* End PBXProject section */

/* Begin PBXResourcesBuildPhase section */
		458FD5952B2DC8FB00D84C1E /* Resources */ = {
			isa = PBXResourcesBuildPhase;
			buildActionMask = 2147483647;
			files = (
				458FD5A72B2DC8FD00D84C1E /* LaunchScreen.storyboard in Resources */,
				458FD5A42B2DC8FD00D84C1E /* Assets.xcassets in Resources */,
				458FD5A22B2DC8FB00D84C1E /* Main.storyboard in Resources */,
			);
			runOnlyForDeploymentPostprocessing = 0;
		};
		458FD5AB2B2DC8FD00D84C1E /* Resources */ = {
			isa = PBXResourcesBuildPhase;
			buildActionMask = 2147483647;
			files = (
			);
			runOnlyForDeploymentPostprocessing = 0;
		};
		458FD5B52B2DC8FD00D84C1E /* Resources */ = {
			isa = PBXResourcesBuildPhase;
			buildActionMask = 2147483647;
			files = (
			);
			runOnlyForDeploymentPostprocessing = 0;
		};
/* End PBXResourcesBuildPhase section */

/* Begin PBXSourcesBuildPhase section */
		458FD5932B2DC8FB00D84C1E /* Sources */ = {
			isa = PBXSourcesBuildPhase;
			buildActionMask = 2147483647;
			files = (
				458FD59F2B2DC8FB00D84C1E /* ViewController.swift in Sources */,
				458FD59B2B2DC8FB00D84C1E /* AppDelegate.swift in Sources */,
				458FD59D2B2DC8FB00D84C1E /* SceneDelegate.swift in Sources */,
			);
			runOnlyForDeploymentPostprocessing = 0;
		};
		458FD5A92B2DC8FD00D84C1E /* Sources */ = {
			isa = PBXSourcesBuildPhase;
			buildActionMask = 2147483647;
			files = (
				458FD5B22B2DC8FD00D84C1E /* Currency_ConverterTests.swift in Sources */,
			);
			runOnlyForDeploymentPostprocessing = 0;
		};
		458FD5B32B2DC8FD00D84C1E /* Sources */ = {
			isa = PBXSourcesBuildPhase;
			buildActionMask = 2147483647;
			files = (
				458FD5BE2B2DC8FD00D84C1E /* Currency_ConverterUITestsLaunchTests.swift in Sources */,
				458FD5BC2B2DC8FD00D84C1E /* Currency_ConverterUITests.swift in Sources */,
			);
			runOnlyForDeploymentPostprocessing = 0;
		};
/* End PBXSourcesBuildPhase section */

/* Begin PBXTargetDependency section */
		458FD5AF2B2DC8FD00D84C1E /* PBXTargetDependency */ = {
			isa = PBXTargetDependency;
			target = 458FD5962B2DC8FB00D84C1E /* Currency Converter */;
			targetProxy = 458FD5AE2B2DC8FD00D84C1E /* PBXContainerItemProxy */;
		};
		458FD5B92B2DC8FD00D84C1E /* PBXTargetDependency */ = {
			isa = PBXTargetDependency;
			target = 458FD5962B2DC8FB00D84C1E /* Currency Converter */;
			targetProxy = 458FD5B82B2DC8FD00D84C1E /* PBXContainerItemProxy */;
		};
/* End PBXTargetDependency section */

/* Begin PBXVariantGroup section */
		458FD5A02B2DC8FB00D84C1E /* Main.storyboard */ = {
			isa = PBXVariantGroup;
			children = (
				458FD5A12B2DC8FB00D84C1E /* Base */,
			);
			name = Main.storyboard;
			sourceTree = "<group>";
		};
		458FD5A52B2DC8FD00D84C1E /* LaunchScreen.storyboard */ = {
			isa = PBXVariantGroup;
			children = (
				458FD5A62B2DC8FD00D84C1E /* Base */,
			);
			name = LaunchScreen.storyboard;
			sourceTree = "<group>";
		};
/* End PBXVariantGroup section */

/* Begin XCBuildConfiguration section */
		458FD5BF2B2DC8FD00D84C1E /* Debug */ = {
			isa = XCBuildConfiguration;
			buildSettings = {
				ALWAYS_SEARCH_USER_PATHS = NO;
				ASSETCATALOG_COMPILER_GENERATE_SWIFT_ASSET_SYMBOL_EXTENSIONS = YES;
				CLANG_ANALYZER_NONNULL = YES;
				CLANG_ANALYZER_NUMBER_OBJECT_CONVERSION = YES_AGGRESSIVE;
				CLANG_CXX_LANGUAGE_STANDARD = "gnu++20";
				CLANG_ENABLE_MODULES = YES;
				CLANG_ENABLE_OBJC_ARC = YES;
				CLANG_ENABLE_OBJC_WEAK = YES;
				CLANG_WARN_BLOCK_CAPTURE_AUTORELEASING = YES;
				CLANG_WARN_BOOL_CONVERSION = YES;
				CLANG_WARN_COMMA = YES;
				CLANG_WARN_CONSTANT_CONVERSION = YES;
				CLANG_WARN_DEPRECATED_OBJC_IMPLEMENTATIONS = YES;
				CLANG_WARN_DIRECT_OBJC_ISA_USAGE = YES_ERROR;
				CLANG_WARN_DOCUMENTATION_COMMENTS = YES;
				CLANG_WARN_EMPTY_BODY = YES;
				CLANG_WARN_ENUM_CONVERSION = YES;
				CLANG_WARN_INFINITE_RECURSION = YES;
				CLANG_WARN_INT_CONVERSION = YES;
				CLANG_WARN_NON_LITERAL_NULL_CONVERSION = YES;
				CLANG_WARN_OBJC_IMPLICIT_RETAIN_SELF = YES;
				CLANG_WARN_OBJC_LITERAL_CONVERSION = YES;
				CLANG_WARN_OBJC_ROOT_CLASS = YES_ERROR;
				CLANG_WARN_QUOTED_INCLUDE_IN_FRAMEWORK_HEADER = YES;
				CLANG_WARN_RANGE_LOOP_ANALYSIS = YES;
				CLANG_WARN_STRICT_PROTOTYPES = YES;
				CLANG_WARN_SUSPICIOUS_MOVE = YES;
				CLANG_WARN_UNGUARDED_AVAILABILITY = YES_AGGRESSIVE;
				CLANG_WARN_UNREACHABLE_CODE = YES;
				CLANG_WARN__DUPLICATE_METHOD_MATCH = YES;
				COPY_PHASE_STRIP = NO;
				DEBUG_INFORMATION_FORMAT = dwarf;
				ENABLE_STRICT_OBJC_MSGSEND = YES;
				ENABLE_TESTABILITY = YES;
				ENABLE_USER_SCRIPT_SANDBOXING = YES;
				GCC_C_LANGUAGE_STANDARD = gnu17;
				GCC_DYNAMIC_NO_PIC = NO;
				GCC_NO_COMMON_BLOCKS = YES;
				GCC_OPTIMIZATION_LEVEL = 0;
				GCC_PREPROCESSOR_DEFINITIONS = (
					"DEBUG=1",
					"$(inherited)",
				);
				GCC_WARN_64_TO_32_BIT_CONVERSION = YES;
				GCC_WARN_ABOUT_RETURN_TYPE = YES_ERROR;
				GCC_WARN_UNDECLARED_SELECTOR = YES;
				GCC_WARN_UNINITIALIZED_AUTOS = YES_AGGRESSIVE;
				GCC_WARN_UNUSED_FUNCTION = YES;
				GCC_WARN_UNUSED_VARIABLE = YES;
				IPHONEOS_DEPLOYMENT_TARGET = 17.2;
				LOCALIZATION_PREFERS_STRING_CATALOGS = YES;
				MTL_ENABLE_DEBUG_INFO = INCLUDE_SOURCE;
				MTL_FAST_MATH = YES;
				ONLY_ACTIVE_ARCH = YES;
				SDKROOT = iphoneos;
				SWIFT_ACTIVE_COMPILATION_CONDITIONS = "DEBUG $(inherited)";
				SWIFT_OPTIMIZATION_LEVEL = "-Onone";
			};
			name = Debug;
		};
		458FD5C02B2DC8FD00D84C1E /* Release */ = {
			isa = XCBuildConfiguration;
			buildSettings = {
				ALWAYS_SEARCH_USER_PATHS = NO;
				ASSETCATALOG_COMPILER_GENERATE_SWIFT_ASSET_SYMBOL_EXTENSIONS = YES;
				CLANG_ANALYZER_NONNULL = YES;
				CLANG_ANALYZER_NUMBER_OBJECT_CONVERSION = YES_AGGRESSIVE;
				CLANG_CXX_LANGUAGE_STANDARD = "gnu++20";
				CLANG_ENABLE_MODULES = YES;
				CLANG_ENABLE_OBJC_ARC = YES;
				CLANG_ENABLE_OBJC_WEAK = YES;
				CLANG_WARN_BLOCK_CAPTURE_AUTORELEASING = YES;
				CLANG_WARN_BOOL_CONVERSION = YES;
				CLANG_WARN_COMMA = YES;
				CLANG_WARN_CONSTANT_CONVERSION = YES;
				CLANG_WARN_DEPRECATED_OBJC_IMPLEMENTATIONS = YES;
				CLANG_WARN_DIRECT_OBJC_ISA_USAGE = YES_ERROR;
				CLANG_WARN_DOCUMENTATION_COMMENTS = YES;
				CLANG_WARN_EMPTY_BODY = YES;
				CLANG_WARN_ENUM_CONVERSION = YES;
				CLANG_WARN_INFINITE_RECURSION = YES;
				CLANG_WARN_INT_CONVERSION = YES;
				CLANG_WARN_NON_LITERAL_NULL_CONVERSION = YES;
				CLANG_WARN_OBJC_IMPLICIT_RETAIN_SELF = YES;
				CLANG_WARN_OBJC_LITERAL_CONVERSION = YES;
				CLANG_WARN_OBJC_ROOT_CLASS = YES_ERROR;
				CLANG_WARN_QUOTED_INCLUDE_IN_FRAMEWORK_HEADER = YES;
				CLANG_WARN_RANGE_LOOP_ANALYSIS = YES;
				CLANG_WARN_STRICT_PROTOTYPES = YES;
				CLANG_WARN_SUSPICIOUS_MOVE = YES;
				CLANG_WARN_UNGUARDED_AVAILABILITY = YES_AGGRESSIVE;
				CLANG_WARN_UNREACHABLE_CODE = YES;
				CLANG_WARN__DUPLICATE_METHOD_MATCH = YES;
				COPY_PHASE_STRIP = NO;
				DEBUG_INFORMATION_FORMAT = "dwarf-with-dsym";
				ENABLE_NS_ASSERTIONS = NO;
				ENABLE_STRICT_OBJC_MSGSEND = YES;
				ENABLE_USER_SCRIPT_SANDBOXING = YES;
				GCC_C_LANGUAGE_STANDARD = gnu17;
				GCC_NO_COMMON_BLOCKS = YES;
				GCC_WARN_64_TO_32_BIT_CONVERSION = YES;
				GCC_WARN_ABOUT_RETURN_TYPE = YES_ERROR;
				GCC_WARN_UNDECLARED_SELECTOR = YES;
				GCC_WARN_UNINITIALIZED_AUTOS = YES_AGGRESSIVE;
				GCC_WARN_UNUSED_FUNCTION = YES;
				GCC_WARN_UNUSED_VARIABLE = YES;
				IPHONEOS_DEPLOYMENT_TARGET = 17.2;
				LOCALIZATION_PREFERS_STRING_CATALOGS = YES;
				MTL_ENABLE_DEBUG_INFO = NO;
				MTL_FAST_MATH = YES;
				SDKROOT = iphoneos;
				SWIFT_COMPILATION_MODE = wholemodule;
				VALIDATE_PRODUCT = YES;
			};
			name = Release;
		};
		458FD5C22B2DC8FD00D84C1E /* Debug */ = {
			isa = XCBuildConfiguration;
			buildSettings = {
				ASSETCATALOG_COMPILER_APPICON_NAME = AppIcon;
				ASSETCATALOG_COMPILER_GLOBAL_ACCENT_COLOR_NAME = AccentColor;
				CODE_SIGN_STYLE = Automatic;
				CURRENT_PROJECT_VERSION = 1;
				DEVELOPMENT_TEAM = 75RPJYM6U7;
				GENERATE_INFOPLIST_FILE = YES;
				INFOPLIST_FILE = "Currency Converter/Info.plist";
				INFOPLIST_KEY_UIApplicationSupportsIndirectInputEvents = YES;
				INFOPLIST_KEY_UILaunchStoryboardName = LaunchScreen;
				INFOPLIST_KEY_UIMainStoryboardFile = Main;
				INFOPLIST_KEY_UISupportedInterfaceOrientations_iPad = "UIInterfaceOrientationPortrait UIInterfaceOrientationPortraitUpsideDown UIInterfaceOrientationLandscapeLeft UIInterfaceOrientationLandscapeRight";
				INFOPLIST_KEY_UISupportedInterfaceOrientations_iPhone = "UIInterfaceOrientationPortrait UIInterfaceOrientationLandscapeLeft UIInterfaceOrientationLandscapeRight";
				LD_RUNPATH_SEARCH_PATHS = (
					"$(inherited)",
					"@executable_path/Frameworks",
				);
				MARKETING_VERSION = 1.0;
				PRODUCT_BUNDLE_IDENTIFIER = "com.sagar.Currency-Converter";
				PRODUCT_NAME = "$(TARGET_NAME)";
				SWIFT_EMIT_LOC_STRINGS = YES;
				SWIFT_VERSION = 5.0;
				TARGETED_DEVICE_FAMILY = "1,2";
			};
			name = Debug;
		};
		458FD5C32B2DC8FD00D84C1E /* Release */ = {
			isa = XCBuildConfiguration;
			buildSettings = {
				ASSETCATALOG_COMPILER_APPICON_NAME = AppIcon;
				ASSETCATALOG_COMPILER_GLOBAL_ACCENT_COLOR_NAME = AccentColor;
				CODE_SIGN_STYLE = Automatic;
				CURRENT_PROJECT_VERSION = 1;
				DEVELOPMENT_TEAM = 75RPJYM6U7;
				GENERATE_INFOPLIST_FILE = YES;
				INFOPLIST_FILE = "Currency Converter/Info.plist";
				INFOPLIST_KEY_UIApplicationSupportsIndirectInputEvents = YES;
				INFOPLIST_KEY_UILaunchStoryboardName = LaunchScreen;
				INFOPLIST_KEY_UIMainStoryboardFile = Main;
				INFOPLIST_KEY_UISupportedInterfaceOrientations_iPad = "UIInterfaceOrientationPortrait UIInterfaceOrientationPortraitUpsideDown UIInterfaceOrientationLandscapeLeft UIInterfaceOrientationLandscapeRight";
				INFOPLIST_KEY_UISupportedInterfaceOrientations_iPhone = "UIInterfaceOrientationPortrait UIInterfaceOrientationLandscapeLeft UIInterfaceOrientationLandscapeRight";
				LD_RUNPATH_SEARCH_PATHS = (
					"$(inherited)",
					"@executable_path/Frameworks",
				);
				MARKETING_VERSION = 1.0;
				PRODUCT_BUNDLE_IDENTIFIER = "com.sagar.Currency-Converter";
				PRODUCT_NAME = "$(TARGET_NAME)";
				SWIFT_EMIT_LOC_STRINGS = YES;
				SWIFT_VERSION = 5.0;
				TARGETED_DEVICE_FAMILY = "1,2";
			};
			name = Release;
		};
		458FD5C52B2DC8FD00D84C1E /* Debug */ = {
			isa = XCBuildConfiguration;
			buildSettings = {
				ALWAYS_EMBED_SWIFT_STANDARD_LIBRARIES = YES;
				BUNDLE_LOADER = "$(TEST_HOST)";
				CODE_SIGN_STYLE = Automatic;
				CURRENT_PROJECT_VERSION = 1;
				DEVELOPMENT_TEAM = 75RPJYM6U7;
				GENERATE_INFOPLIST_FILE = YES;
				IPHONEOS_DEPLOYMENT_TARGET = 17.2;
				MARKETING_VERSION = 1.0;
				PRODUCT_BUNDLE_IDENTIFIER = "com.sagar.Currency-ConverterTests";
				PRODUCT_NAME = "$(TARGET_NAME)";
				SWIFT_EMIT_LOC_STRINGS = NO;
				SWIFT_VERSION = 5.0;
				TARGETED_DEVICE_FAMILY = "1,2";
				TEST_HOST = "$(BUILT_PRODUCTS_DIR)/Currency Converter.app/$(BUNDLE_EXECUTABLE_FOLDER_PATH)/Currency Converter";
			};
			name = Debug;
		};
		458FD5C62B2DC8FD00D84C1E /* Release */ = {
			isa = XCBuildConfiguration;
			buildSettings = {
				ALWAYS_EMBED_SWIFT_STANDARD_LIBRARIES = YES;
				BUNDLE_LOADER = "$(TEST_HOST)";
				CODE_SIGN_STYLE = Automatic;
				CURRENT_PROJECT_VERSION = 1;
				DEVELOPMENT_TEAM = 75RPJYM6U7;
				GENERATE_INFOPLIST_FILE = YES;
				IPHONEOS_DEPLOYMENT_TARGET = 17.2;
				MARKETING_VERSION = 1.0;
				PRODUCT_BUNDLE_IDENTIFIER = "com.sagar.Currency-ConverterTests";
				PRODUCT_NAME = "$(TARGET_NAME)";
				SWIFT_EMIT_LOC_STRINGS = NO;
				SWIFT_VERSION = 5.0;
				TARGETED_DEVICE_FAMILY = "1,2";
				TEST_HOST = "$(BUILT_PRODUCTS_DIR)/Currency Converter.app/$(BUNDLE_EXECUTABLE_FOLDER_PATH)/Currency Converter";
			};
			name = Release;
		};
		458FD5C82B2DC8FD00D84C1E /* Debug */ = {
			isa = XCBuildConfiguration;
			buildSettings = {
				ALWAYS_EMBED_SWIFT_STANDARD_LIBRARIES = YES;
				CODE_SIGN_STYLE = Automatic;
				CURRENT_PROJECT_VERSION = 1;
				DEVELOPMENT_TEAM = 75RPJYM6U7;
				GENERATE_INFOPLIST_FILE = YES;
				MARKETING_VERSION = 1.0;
				PRODUCT_BUNDLE_IDENTIFIER = "com.sagar.Currency-ConverterUITests";
				PRODUCT_NAME = "$(TARGET_NAME)";
				SWIFT_EMIT_LOC_STRINGS = NO;
				SWIFT_VERSION = 5.0;
				TARGETED_DEVICE_FAMILY = "1,2";
				TEST_TARGET_NAME = "Currency Converter";
			};
			name = Debug;
		};
		458FD5C92B2DC8FD00D84C1E /* Release */ = {
			isa = XCBuildConfiguration;
			buildSettings = {
				ALWAYS_EMBED_SWIFT_STANDARD_LIBRARIES = YES;
				CODE_SIGN_STYLE = Automatic;
				CURRENT_PROJECT_VERSION = 1;
				DEVELOPMENT_TEAM = 75RPJYM6U7;
				GENERATE_INFOPLIST_FILE = YES;
				MARKETING_VERSION = 1.0;
				PRODUCT_BUNDLE_IDENTIFIER = "com.sagar.Currency-ConverterUITests";
				PRODUCT_NAME = "$(TARGET_NAME)";
				SWIFT_EMIT_LOC_STRINGS = NO;
				SWIFT_VERSION = 5.0;
				TARGETED_DEVICE_FAMILY = "1,2";
				TEST_TARGET_NAME = "Currency Converter";
			};
			name = Release;
		};
/* End XCBuildConfiguration section */

/* Begin XCConfigurationList section */
		458FD5922B2DC8FB00D84C1E /* Build configuration list for PBXProject "Currency Converter" */ = {
			isa = XCConfigurationList;
			buildConfigurations = (
				458FD5BF2B2DC8FD00D84C1E /* Debug */,
				458FD5C02B2DC8FD00D84C1E /* Release */,
			);
			defaultConfigurationIsVisible = 0;
			defaultConfigurationName = Release;
		};
		458FD5C12B2DC8FD00D84C1E /* Build configuration list for PBXNativeTarget "Currency Converter" */ = {
			isa = XCConfigurationList;
			buildConfigurations = (
				458FD5C22B2DC8FD00D84C1E /* Debug */,
				458FD5C32B2DC8FD00D84C1E /* Release */,
			);
			defaultConfigurationIsVisible = 0;
			defaultConfigurationName = Release;
		};
		458FD5C42B2DC8FD00D84C1E /* Build configuration list for PBXNativeTarget "Currency ConverterTests" */ = {
			isa = XCConfigurationList;
			buildConfigurations = (
				458FD5C52B2DC8FD00D84C1E /* Debug */,
				458FD5C62B2DC8FD00D84C1E /* Release */,
			);
			defaultConfigurationIsVisible = 0;
			defaultConfigurationName = Release;
		};
		458FD5C72B2DC8FD00D84C1E /* Build configuration list for PBXNativeTarget "Currency ConverterUITests" */ = {
			isa = XCConfigurationList;
			buildConfigurations = (
				458FD5C82B2DC8FD00D84C1E /* Debug */,
				458FD5C92B2DC8FD00D84C1E /* Release */,
			);
			defaultConfigurationIsVisible = 0;
			defaultConfigurationName = Release;
		};
/* End XCConfigurationList section */
	};
	rootObject = 458FD58F2B2DC8FB00D84C1E /* Project object */;
}
